{
  "nodes": {
    "flake-utils": {
      "locked": {
        "lastModified": 1656928814,
        "narHash": "sha256-RIFfgBuKz6Hp89yRr7+NR5tzIAbn52h8vT6vXkYjZoM=",
        "owner": "numtide",
        "repo": "flake-utils",
        "rev": "7e2a3b3dfd9af950a856d66b0a7d01e3c18aa249",
        "type": "github"
      },
      "original": {
        "owner": "numtide",
        "repo": "flake-utils",
        "type": "github"
      }
    },
    "nix-common": {
      "inputs": {
        "nixpkgs": "nixpkgs"
      },
      "locked": {
        "lastModified": 1657042435,
        "narHash": "sha256-OE4T3u4PjErBbUYUZgi6qSs9UIFAY3xYPYzfE/cOTPM=",
        "owner": "dbarrosop",
        "repo": "nix-common",
        "rev": "c89504a95bc85fc894fe2ae71d870e00c1b3f21d",
        "type": "github"
      },
      "original": {
        "owner": "dbarrosop",
        "ref": "dbarroso/hasura-storage",
        "repo": "nix-common",
        "type": "github"
      }
    },
    "nix-filter": {
      "locked": {
        "lastModified": 1653590866,
        "narHash": "sha256-E4yKIrt/S//WfW5D9IhQ1dVuaAy8RE7EiCMfnbrOC78=",
        "owner": "numtide",
        "repo": "nix-filter",
        "rev": "3e81a637cdf9f6e9b39aeb4d6e6394d1ad158e16",
        "type": "github"
      },
      "original": {
        "owner": "numtide",
        "repo": "nix-filter",
        "type": "github"
      }
    },
    "nixpkgs": {
      "locked": {
        "lastModified": 1656628719,
        "narHash": "sha256-Ot9XWRWjWJ2bh2Rm7P9llCmBaQVSDIQJ+F1PMHE8XH0=",
        "owner": "NixOS",
        "repo": "nixpkgs",
        "rev": "e47f1d2527f6109ea74940f01fcfe168a00bc5f7",
        "type": "github"
      },
      "original": {
        "owner": "NixOS",
        "repo": "nixpkgs",
        "rev": "e47f1d2527f6109ea74940f01fcfe168a00bc5f7",
        "type": "github"
      }
    },
    "nixpkgs_2": {
      "locked": {
        "lastModified": 1656936967,
        "narHash": "sha256-7EWfyOpyS33v5WsaIxm9Rw5yUBkoBZLHds8SsS0Mr/4=",
        "owner": "NixOS",
        "repo": "nixpkgs",
        "rev": "e0db4edff65df3bd12012adb36244a9409d7a754",
        "type": "github"
      },
      "original": {
        "id": "nixpkgs",
        "type": "indirect"
      }
    },
    "root": {
      "inputs": {
        "flake-utils": "flake-utils",
        "nix-common": "nix-common",
        "nix-filter": "nix-filter",
        "nixpkgs": "nixpkgs_2"
      }
    }
  },
  "root": "root",
  "version": 7
}
